
Microsoft Visual Studio Solution File, Format Version 12.00
# Visual Studio 2015
Project("{FAE04EC0-301F-11D3-BF4B-00C04F79EFBC}") = "NavMesh2", "NavMesh2.csproj", "{AD1F7DA3-4ACD-03AE-EDD8-1D7F3BB55D3D}"
EndProject
Global
	GlobalSection(SolutionConfigurationPlatforms) = preSolution
		Debug|Any CPU = Debug|Any CPU
		Release|Any CPU = Release|Any CPU
	EndGlobalSection
	GlobalSection(ProjectConfigurationPlatforms) = postSolution
		{AD1F7DA3-4ACD-03AE-EDD8-1D7F3BB55D3D}.Debug|Any CPU.ActiveCfg = Debug|Any CPU
		{AD1F7DA3-4ACD-03AE-EDD8-1D7F3BB55D3D}.Debug|Any CPU.Build.0 = Debug|Any CPU
		{AD1F7DA3-4ACD-03AE-EDD8-1D7F3BB55D3D}.Release|Any CPU.ActiveCfg = Release|Any CPU
		{AD1F7DA3-4ACD-03AE-EDD8-1D7F3BB55D3D}.Release|Any CPU.Build.0 = Release|Any CPU
	EndGlobalSection
	GlobalSection(SolutionProperties) = preSolution
		HideSolutionNode = FALSE
	EndGlobalSection
EndGlobal
